
Microsoft Visual Studio Solution File, Format Version 12.00
# Visual Studio Version 17
VisualStudioVersion = 17.8.34511.84
MinimumVisualStudioVersion = 10.0.40219.1
Project("{9A19103F-16F7-4668-BE54-9A1E7A4F7556}") = "WPFTest", "WPFTest\WPFTest.csproj", "{E144079D-4B35-4926-B368-21884B4718CF}"
EndProject
Project("{9A19103F-16F7-4668-BE54-9A1E7A4F7556}") = "8_DataBinding_INotifyPropertyChanged", "8_DataBinding_INotifyPropertyChanged\8_DataBinding_INotifyPropertyChanged.csproj", "{FFEFCF72-7F1B-48D2-9EC1-8A529549CFF3}"
EndProject
Project("{9A19103F-16F7-4668-BE54-9A1E7A4F7556}") = "11_FolderBrowserDialog", "11_FolderBrowserDialog\11_FolderBrowserDialog.csproj", "{D66B03A2-91D0-4720-96DA-C317F5E626CE}"
EndProject
Project("{9A19103F-16F7-4668-BE54-9A1E7A4F7556}") = "12_ListView", "12_ListView\12_ListView.csproj", "{B957F8D4-A2AF-45B3-A1CB-9F28C8C2E9DD}"
EndProject
Project("{9A19103F-16F7-4668-BE54-9A1E7A4F7556}") = "13_ListView2_ObsevableColection", "13_ListView2_ObsevableColection\13_ListView2_ObsevableColection.csproj", "{DE7F94A3-7947-4EA1-9ADF-286CF7F6D6A3}"
EndProject
Project("{9A19103F-16F7-4668-BE54-9A1E7A4F7556}") = "14_StackPanel", "14_StackPanel\14_StackPanel.csproj", "{F14C30B2-1A7D-49A1-BBE2-9D3CF68606C6}"
EndProject
Project("{9A19103F-16F7-4668-BE54-9A1E7A4F7556}") = "15_GridSplitter", "15_GridSplitter\15_GridSplitter.csproj", "{6FA1ADD3-9D93-485C-8F7E-9260AB0FA8CC}"
EndProject
Project("{9A19103F-16F7-4668-BE54-9A1E7A4F7556}") = "16_Expander", "16_Expander\16_Expander.csproj", "{F27E522D-586A-4946-AD4B-7341B5D78E22}"
EndProject
Project("{9A19103F-16F7-4668-BE54-9A1E7A4F7556}") = "17_ScrollViewer", "17_ScrollViewer\17_ScrollViewer.csproj", "{CEC04C46-068B-4660-83FD-7D4D0FD3286F}"
EndProject
Project("{9A19103F-16F7-4668-BE54-9A1E7A4F7556}") = "18_CustomeWindowsAndTitleBar", "18_CustomeWindowsAndTitleBar\18_CustomeWindowsAndTitleBar.csproj", "{C4C5744A-EDAA-4AF5-9301-EA0BF91C1E3A}"
EndProject
Project("{9A19103F-16F7-4668-BE54-9A1E7A4F7556}") = "20_ReusableStyleResource", "20_ReusableStyleResource\20_ReusableStyleResource.csproj", "{FE4985FB-58CF-457A-9FBC-90086C9D9596}"
EndProject
Project("{9A19103F-16F7-4668-BE54-9A1E7A4F7556}") = "23_UsingViewModelInMVVM", "23_UsingViewModelInMVVM\23_UsingViewModelInMVVM.csproj", "{98D67707-4A6C-44B1-9B48-5A74001397A0}"
EndProject
Project("{9A19103F-16F7-4668-BE54-9A1E7A4F7556}") = "ProductManafement", "ProductManafement\ProductManafement.csproj", "{82BACE91-A794-416D-9D41-329C1DCE4A4D}"
EndProject
Project("{FAE04EC0-301F-11D3-BF4B-00C04F79EFBC}") = "DataAccess", "DataAccess\DataAccess.csproj", "{9B8CEB4F-40BA-4C8C-997C-21803E8CB414}"
EndProject
Global
	GlobalSection(SolutionConfigurationPlatforms) = preSolution
		Debug|Any CPU = Debug|Any CPU
		Release|Any CPU = Release|Any CPU
	EndGlobalSection
	GlobalSection(ProjectConfigurationPlatforms) = postSolution
		{E144079D-4B35-4926-B368-21884B4718CF}.Debug|Any CPU.ActiveCfg = Debug|Any CPU
		{E144079D-4B35-4926-B368-21884B4718CF}.Debug|Any CPU.Build.0 = Debug|Any CPU
		{E144079D-4B35-4926-B368-21884B4718CF}.Release|Any CPU.ActiveCfg = Release|Any CPU
		{E144079D-4B35-4926-B368-21884B4718CF}.Release|Any CPU.Build.0 = Release|Any CPU
		{FFEFCF72-7F1B-48D2-9EC1-8A529549CFF3}.Debug|Any CPU.ActiveCfg = Debug|Any CPU
		{FFEFCF72-7F1B-48D2-9EC1-8A529549CFF3}.Debug|Any CPU.Build.0 = Debug|Any CPU
		{FFEFCF72-7F1B-48D2-9EC1-8A529549CFF3}.Release|Any CPU.ActiveCfg = Release|Any CPU
		{FFEFCF72-7F1B-48D2-9EC1-8A529549CFF3}.Release|Any CPU.Build.0 = Release|Any CPU
		{D66B03A2-91D0-4720-96DA-C317F5E626CE}.Debug|Any CPU.ActiveCfg = Debug|Any CPU
		{D66B03A2-91D0-4720-96DA-C317F5E626CE}.Debug|Any CPU.Build.0 = Debug|Any CPU
		{D66B03A2-91D0-4720-96DA-C317F5E626CE}.Release|Any CPU.ActiveCfg = Release|Any CPU
		{D66B03A2-91D0-4720-96DA-C317F5E626CE}.Release|Any CPU.Build.0 = Release|Any CPU
		{B957F8D4-A2AF-45B3-A1CB-9F28C8C2E9DD}.Debug|Any CPU.ActiveCfg = Debug|Any CPU
		{B957F8D4-A2AF-45B3-A1CB-9F28C8C2E9DD}.Debug|Any CPU.Build.0 = Debug|Any CPU
		{B957F8D4-A2AF-45B3-A1CB-9F28C8C2E9DD}.Release|Any CPU.ActiveCfg = Release|Any CPU
		{B957F8D4-A2AF-45B3-A1CB-9F28C8C2E9DD}.Release|Any CPU.Build.0 = Release|Any CPU
		{DE7F94A3-7947-4EA1-9ADF-286CF7F6D6A3}.Debug|Any CPU.ActiveCfg = Debug|Any CPU
		{DE7F94A3-7947-4EA1-9ADF-286CF7F6D6A3}.Debug|Any CPU.Build.0 = Debug|Any CPU
		{DE7F94A3-7947-4EA1-9ADF-286CF7F6D6A3}.Release|Any CPU.ActiveCfg = Release|Any CPU
		{DE7F94A3-7947-4EA1-9ADF-286CF7F6D6A3}.Release|Any CPU.Build.0 = Release|Any CPU
		{F14C30B2-1A7D-49A1-BBE2-9D3CF68606C6}.Debug|Any CPU.ActiveCfg = Debug|Any CPU
		{F14C30B2-1A7D-49A1-BBE2-9D3CF68606C6}.Debug|Any CPU.Build.0 = Debug|Any CPU
		{F14C30B2-1A7D-49A1-BBE2-9D3CF68606C6}.Release|Any CPU.ActiveCfg = Release|Any CPU
		{F14C30B2-1A7D-49A1-BBE2-9D3CF68606C6}.Release|Any CPU.Build.0 = Release|Any CPU
		{6FA1ADD3-9D93-485C-8F7E-9260AB0FA8CC}.Debug|Any CPU.ActiveCfg = Debug|Any CPU
		{6FA1ADD3-9D93-485C-8F7E-9260AB0FA8CC}.Debug|Any CPU.Build.0 = Debug|Any CPU
		{6FA1ADD3-9D93-485C-8F7E-9260AB0FA8CC}.Release|Any CPU.ActiveCfg = Release|Any CPU
		{6FA1ADD3-9D93-485C-8F7E-9260AB0FA8CC}.Release|Any CPU.Build.0 = Release|Any CPU
		{F27E522D-586A-4946-AD4B-7341B5D78E22}.Debug|Any CPU.ActiveCfg = Debug|Any CPU
		{F27E522D-586A-4946-AD4B-7341B5D78E22}.Debug|Any CPU.Build.0 = Debug|Any CPU
		{F27E522D-586A-4946-AD4B-7341B5D78E22}.Release|Any CPU.ActiveCfg = Release|Any CPU
		{F27E522D-586A-4946-AD4B-7341B5D78E22}.Release|Any CPU.Build.0 = Release|Any CPU
		{CEC04C46-068B-4660-83FD-7D4D0FD3286F}.Debug|Any CPU.ActiveCfg = Debug|Any CPU
		{CEC04C46-068B-4660-83FD-7D4D0FD3286F}.Debug|Any CPU.Build.0 = Debug|Any CPU
		{CEC04C46-068B-4660-83FD-7D4D0FD3286F}.Release|Any CPU.ActiveCfg = Release|Any CPU
		{CEC04C46-068B-4660-83FD-7D4D0FD3286F}.Release|Any CPU.Build.0 = Release|Any CPU
		{C4C5744A-EDAA-4AF5-9301-EA0BF91C1E3A}.Debug|Any CPU.ActiveCfg = Debug|Any CPU
		{C4C5744A-EDAA-4AF5-9301-EA0BF91C1E3A}.Debug|Any CPU.Build.0 = Debug|Any CPU
		{C4C5744A-EDAA-4AF5-9301-EA0BF91C1E3A}.Release|Any CPU.ActiveCfg = Release|Any CPU
		{C4C5744A-EDAA-4AF5-9301-EA0BF91C1E3A}.Release|Any CPU.Build.0 = Release|Any CPU
		{FE4985FB-58CF-457A-9FBC-90086C9D9596}.Debug|Any CPU.ActiveCfg = Debug|Any CPU
		{FE4985FB-58CF-457A-9FBC-90086C9D9596}.Debug|Any CPU.Build.0 = Debug|Any CPU
		{FE4985FB-58CF-457A-9FBC-90086C9D9596}.Release|Any CPU.ActiveCfg = Release|Any CPU
		{FE4985FB-58CF-457A-9FBC-90086C9D9596}.Release|Any CPU.Build.0 = Release|Any CPU
		{98D67707-4A6C-44B1-9B48-5A74001397A0}.Debug|Any CPU.ActiveCfg = Debug|Any CPU
		{98D67707-4A6C-44B1-9B48-5A74001397A0}.Debug|Any CPU.Build.0 = Debug|Any CPU
		{98D67707-4A6C-44B1-9B48-5A74001397A0}.Release|Any CPU.ActiveCfg = Release|Any CPU
		{98D67707-4A6C-44B1-9B48-5A74001397A0}.Release|Any CPU.Build.0 = Release|Any CPU
		{82BACE91-A794-416D-9D41-329C1DCE4A4D}.Debug|Any CPU.ActiveCfg = Debug|Any CPU
		{82BACE91-A794-416D-9D41-329C1DCE4A4D}.Debug|Any CPU.Build.0 = Debug|Any CPU
		{82BACE91-A794-416D-9D41-329C1DCE4A4D}.Release|Any CPU.ActiveCfg = Release|Any CPU
		{82BACE91-A794-416D-9D41-329C1DCE4A4D}.Release|Any CPU.Build.0 = Release|Any CPU
		{9B8CEB4F-40BA-4C8C-997C-21803E8CB414}.Debug|Any CPU.ActiveCfg = Debug|Any CPU
		{9B8CEB4F-40BA-4C8C-997C-21803E8CB414}.Debug|Any CPU.Build.0 = Debug|Any CPU
		{9B8CEB4F-40BA-4C8C-997C-21803E8CB414}.Release|Any CPU.ActiveCfg = Release|Any CPU
		{9B8CEB4F-40BA-4C8C-997C-21803E8CB414}.Release|Any CPU.Build.0 = Release|Any CPU
	EndGlobalSection
	GlobalSection(SolutionProperties) = preSolution
		HideSolutionNode = FALSE
	EndGlobalSection
	GlobalSection(ExtensibilityGlobals) = postSolution
		SolutionGuid = {9BFA5A94-3FCD-482B-AD4B-7BF694EE53E7}
	EndGlobalSection
EndGlobal
