
Microsoft Visual Studio Solution File, Format Version 12.00
# Visual Studio Version 17
VisualStudioVersion = 17.8.34511.84
MinimumVisualStudioVersion = 10.0.40219.1
Project("{9A19103F-16F7-4668-BE54-9A1E7A4F7556}") = "WPFTest", "WPFTest\WPFTest.csproj", "{E144079D-4B35-4926-B368-21884B4718CF}"
EndProject
Project("{FAE04EC0-301F-11D3-BF4B-00C04F79EFBC}") = "8_DataBinding_INotifyPropertyChanged", "8_DataBinding_INotifyPropertyChanged\8_DataBinding_INotifyPropertyChanged.csproj", "{FFEFCF72-7F1B-48D2-9EC1-8A529549CFF3}"
EndProject
Project("{FAE04EC0-301F-11D3-BF4B-00C04F79EFBC}") = "11_FolderBrowserDialog", "11_FolderBrowserDialog\11_FolderBrowserDialog.csproj", "{D66B03A2-91D0-4720-96DA-C317F5E626CE}"
EndProject
Project("{FAE04EC0-301F-11D3-BF4B-00C04F79EFBC}") = "12_ListView", "12_ListView\12_ListView.csproj", "{B957F8D4-A2AF-45B3-A1CB-9F28C8C2E9DD}"
EndProject
Global
	GlobalSection(SolutionConfigurationPlatforms) = preSolution
		Debug|Any CPU = Debug|Any CPU
		Release|Any CPU = Release|Any CPU
	EndGlobalSection
	GlobalSection(ProjectConfigurationPlatforms) = postSolution
		{E144079D-4B35-4926-B368-21884B4718CF}.Debug|Any CPU.ActiveCfg = Debug|Any CPU
		{E144079D-4B35-4926-B368-21884B4718CF}.Debug|Any CPU.Build.0 = Debug|Any CPU
		{E144079D-4B35-4926-B368-21884B4718CF}.Release|Any CPU.ActiveCfg = Release|Any CPU
		{E144079D-4B35-4926-B368-21884B4718CF}.Release|Any CPU.Build.0 = Release|Any CPU
		{FFEFCF72-7F1B-48D2-9EC1-8A529549CFF3}.Debug|Any CPU.ActiveCfg = Debug|Any CPU
		{FFEFCF72-7F1B-48D2-9EC1-8A529549CFF3}.Debug|Any CPU.Build.0 = Debug|Any CPU
		{FFEFCF72-7F1B-48D2-9EC1-8A529549CFF3}.Release|Any CPU.ActiveCfg = Release|Any CPU
		{FFEFCF72-7F1B-48D2-9EC1-8A529549CFF3}.Release|Any CPU.Build.0 = Release|Any CPU
		{D66B03A2-91D0-4720-96DA-C317F5E626CE}.Debug|Any CPU.ActiveCfg = Debug|Any CPU
		{D66B03A2-91D0-4720-96DA-C317F5E626CE}.Debug|Any CPU.Build.0 = Debug|Any CPU
		{D66B03A2-91D0-4720-96DA-C317F5E626CE}.Release|Any CPU.ActiveCfg = Release|Any CPU
		{D66B03A2-91D0-4720-96DA-C317F5E626CE}.Release|Any CPU.Build.0 = Release|Any CPU
		{B957F8D4-A2AF-45B3-A1CB-9F28C8C2E9DD}.Debug|Any CPU.ActiveCfg = Debug|Any CPU
		{B957F8D4-A2AF-45B3-A1CB-9F28C8C2E9DD}.Debug|Any CPU.Build.0 = Debug|Any CPU
		{B957F8D4-A2AF-45B3-A1CB-9F28C8C2E9DD}.Release|Any CPU.ActiveCfg = Release|Any CPU
		{B957F8D4-A2AF-45B3-A1CB-9F28C8C2E9DD}.Release|Any CPU.Build.0 = Release|Any CPU
	EndGlobalSection
	GlobalSection(SolutionProperties) = preSolution
		HideSolutionNode = FALSE
	EndGlobalSection
	GlobalSection(ExtensibilityGlobals) = postSolution
		SolutionGuid = {9BFA5A94-3FCD-482B-AD4B-7BF694EE53E7}
	EndGlobalSection
EndGlobal
